
Microsoft Visual Studio Solution File, Format Version 12.00
# Visual Studio Version 17
VisualStudioVersion = 17.0.31903.59
MinimumVisualStudioVersion = 10.0.40219.1
Project("{349C5851-65DF-11DA-9384-00065B846F21}") = "WebsiteTuyenDung", "WebsiteTuyenDung\WebsiteTuyenDung.csproj", "{60DBAFB0-C889-4CEA-B8DD-BADEFC3EC9EC}"
EndProject
Project("{FAE04EC0-301F-11D3-BF4B-00C04F79EFBC}") = "WebsiteTuyenDung.Tests", "WebsiteTuyenDung.Tests\WebsiteTuyenDung.Tests.csproj", "{07333982-9AE0-4990-AC9D-F5772B5813EB}"
EndProject
Global
	GlobalSection(SolutionConfigurationPlatforms) = preSolution
		Debug|Any CPU = Debug|Any CPU
		Debug|x64 = Debug|x64
		Debug|x86 = Debug|x86
		Release|Any CPU = Release|Any CPU
		Release|x64 = Release|x64
		Release|x86 = Release|x86
	EndGlobalSection
	GlobalSection(ProjectConfigurationPlatforms) = postSolution
		{60DBAFB0-C889-4CEA-B8DD-BADEFC3EC9EC}.Debug|Any CPU.ActiveCfg = Debug|Any CPU
		{60DBAFB0-C889-4CEA-B8DD-BADEFC3EC9EC}.Debug|Any CPU.Build.0 = Debug|Any CPU
		{60DBAFB0-C889-4CEA-B8DD-BADEFC3EC9EC}.Debug|x64.ActiveCfg = Debug|Any CPU
		{60DBAFB0-C889-4CEA-B8DD-BADEFC3EC9EC}.Debug|x64.Build.0 = Debug|Any CPU
		{60DBAFB0-C889-4CEA-B8DD-BADEFC3EC9EC}.Debug|x86.ActiveCfg = Debug|Any CPU
		{60DBAFB0-C889-4CEA-B8DD-BADEFC3EC9EC}.Debug|x86.Build.0 = Debug|Any CPU
		{60DBAFB0-C889-4CEA-B8DD-BADEFC3EC9EC}.Release|Any CPU.ActiveCfg = Release|Any CPU
		{60DBAFB0-C889-4CEA-B8DD-BADEFC3EC9EC}.Release|Any CPU.Build.0 = Release|Any CPU
		{60DBAFB0-C889-4CEA-B8DD-BADEFC3EC9EC}.Release|x64.ActiveCfg = Release|Any CPU
		{60DBAFB0-C889-4CEA-B8DD-BADEFC3EC9EC}.Release|x64.Build.0 = Release|Any CPU
		{60DBAFB0-C889-4CEA-B8DD-BADEFC3EC9EC}.Release|x86.ActiveCfg = Release|Any CPU
		{60DBAFB0-C889-4CEA-B8DD-BADEFC3EC9EC}.Release|x86.Build.0 = Release|Any CPU
		{07333982-9AE0-4990-AC9D-F5772B5813EB}.Debug|Any CPU.ActiveCfg = Debug|Any CPU
		{07333982-9AE0-4990-AC9D-F5772B5813EB}.Debug|Any CPU.Build.0 = Debug|Any CPU
		{07333982-9AE0-4990-AC9D-F5772B5813EB}.Debug|x64.ActiveCfg = Debug|Any CPU
		{07333982-9AE0-4990-AC9D-F5772B5813EB}.Debug|x64.Build.0 = Debug|Any CPU
		{07333982-9AE0-4990-AC9D-F5772B5813EB}.Debug|x86.ActiveCfg = Debug|Any CPU
		{07333982-9AE0-4990-AC9D-F5772B5813EB}.Debug|x86.Build.0 = Debug|Any CPU
		{07333982-9AE0-4990-AC9D-F5772B5813EB}.Release|Any CPU.ActiveCfg = Release|Any CPU
		{07333982-9AE0-4990-AC9D-F5772B5813EB}.Release|Any CPU.Build.0 = Release|Any CPU
		{07333982-9AE0-4990-AC9D-F5772B5813EB}.Release|x64.ActiveCfg = Release|Any CPU
		{07333982-9AE0-4990-AC9D-F5772B5813EB}.Release|x64.Build.0 = Release|Any CPU
		{07333982-9AE0-4990-AC9D-F5772B5813EB}.Release|x86.ActiveCfg = Release|Any CPU
		{07333982-9AE0-4990-AC9D-F5772B5813EB}.Release|x86.Build.0 = Release|Any CPU
	EndGlobalSection
	GlobalSection(SolutionProperties) = preSolution
		HideSolutionNode = FALSE
	EndGlobalSection
EndGlobal
